
Microsoft Visual Studio Solution File, Format Version 12.00
# Visual Studio Version 16
VisualStudioVersion = 16.0.31727.386
MinimumVisualStudioVersion = 10.0.40219.1
Project("{FAE04EC0-301F-11D3-BF4B-00C04F79EFBC}") = "AnimePlayer", "AnimePlayer\AnimePlayer.csproj", "{A6ECD243-424E-4344-BD1B-0EC1F41D7BC6}"
EndProject
Project("{FAE04EC0-301F-11D3-BF4B-00C04F79EFBC}") = "AnimePlayerLibrary", "AnimePlayerLibrary\AnimePlayerLibrary.csproj", "{F5DC8331-6F29-453F-922C-F1A9375228D4}"
EndProject
Global
	GlobalSection(SolutionConfigurationPlatforms) = preSolution
		Debug|Any CPU = Debug|Any CPU
		Release|Any CPU = Release|Any CPU
	EndGlobalSection
	GlobalSection(ProjectConfigurationPlatforms) = postSolution
		{A6ECD243-424E-4344-BD1B-0EC1F41D7BC6}.Debug|Any CPU.ActiveCfg = Debug|Any CPU
		{A6ECD243-424E-4344-BD1B-0EC1F41D7BC6}.Debug|Any CPU.Build.0 = Debug|Any CPU
		{A6ECD243-424E-4344-BD1B-0EC1F41D7BC6}.Release|Any CPU.ActiveCfg = Release|Any CPU
		{A6ECD243-424E-4344-BD1B-0EC1F41D7BC6}.Release|Any CPU.Build.0 = Release|Any CPU
		{F5DC8331-6F29-453F-922C-F1A9375228D4}.Debug|Any CPU.ActiveCfg = Debug|Any CPU
		{F5DC8331-6F29-453F-922C-F1A9375228D4}.Debug|Any CPU.Build.0 = Debug|Any CPU
		{F5DC8331-6F29-453F-922C-F1A9375228D4}.Release|Any CPU.ActiveCfg = Release|Any CPU
		{F5DC8331-6F29-453F-922C-F1A9375228D4}.Release|Any CPU.Build.0 = Release|Any CPU
	EndGlobalSection
	GlobalSection(SolutionProperties) = preSolution
		HideSolutionNode = FALSE
	EndGlobalSection
	GlobalSection(ExtensibilityGlobals) = postSolution
		SolutionGuid = {0A6CC1A3-9F1D-45EE-8F79-97E270BF608D}
	EndGlobalSection
EndGlobal
